
Microsoft Visual Studio Solution File, Format Version 12.00
Project("{FAE04EC0-301F-11D3-BF4B-00C04F79EFBC}") = "ProjectCore", "ProjectCore\ProjectCore.csproj", "{A2D99107-82D6-4B71-8ACB-651A816FF18C}"
EndProject
Project("{FAE04EC0-301F-11D3-BF4B-00C04F79EFBC}") = "ProjectImpl", "ProjectImpl\ProjectImpl.csproj", "{74596CC2-E423-484E-B814-ECD86A3AABA7}"
EndProject
Project("{FAE04EC0-301F-11D3-BF4B-00C04F79EFBC}") = "ProjectApp", "ProjectApp\ProjectApp.csproj", "{04324706-6B91-43B9-871D-1E039BFA7D01}"
EndProject
Project("{FAE04EC0-301F-11D3-BF4B-00C04F79EFBC}") = "PassingOnlyTests", "RunTestsFixtures\PassingOnlyTests\PassingOnlyTests.csproj", "{37D7A786-07F1-4B27-83E9-FB4F5C62C6DF}"
EndProject
Project("{FAE04EC0-301F-11D3-BF4B-00C04F79EFBC}") = "MixedOutcomeTests", "RunTestsFixtures\MixedOutcomeTests\MixedOutcomeTests.csproj", "{0B6DC1B7-B7BF-47FC-B170-59CE5DC0044A}"
EndProject
Project("{FAE04EC0-301F-11D3-BF4B-00C04F79EFBC}") = "FirstSolutionFailureTests", "RunTestsFixtures\FirstSolutionFailureTests\FirstSolutionFailureTests.csproj", "{5C71D4EC-E8C1-44EF-9E95-5A24FBBDE8E0}"
EndProject
Project("{FAE04EC0-301F-11D3-BF4B-00C04F79EFBC}") = "SecondSolutionFailureTests", "RunTestsFixtures\SecondSolutionFailureTests\SecondSolutionFailureTests.csproj", "{F4B52670-C605-43CC-A350-6AC99621580B}"
EndProject
Global
	GlobalSection(SolutionConfigurationPlatforms) = preSolution
		Debug|Any CPU = Debug|Any CPU
		Debug|x64 = Debug|x64
		Debug|x86 = Debug|x86
		Release|Any CPU = Release|Any CPU
		Release|x64 = Release|x64
		Release|x86 = Release|x86
	EndGlobalSection
	GlobalSection(ProjectConfigurationPlatforms) = postSolution
		{A2D99107-82D6-4B71-8ACB-651A816FF18C}.Debug|Any CPU.ActiveCfg = Debug|Any CPU
		{A2D99107-82D6-4B71-8ACB-651A816FF18C}.Debug|x64.ActiveCfg = Debug|Any CPU
		{A2D99107-82D6-4B71-8ACB-651A816FF18C}.Debug|x86.ActiveCfg = Debug|Any CPU
		{A2D99107-82D6-4B71-8ACB-651A816FF18C}.Release|Any CPU.ActiveCfg = Release|Any CPU
		{A2D99107-82D6-4B71-8ACB-651A816FF18C}.Release|x64.ActiveCfg = Release|Any CPU
		{A2D99107-82D6-4B71-8ACB-651A816FF18C}.Release|x86.ActiveCfg = Release|Any CPU
		{74596CC2-E423-484E-B814-ECD86A3AABA7}.Debug|Any CPU.ActiveCfg = Debug|Any CPU
		{74596CC2-E423-484E-B814-ECD86A3AABA7}.Debug|x64.ActiveCfg = Debug|Any CPU
		{74596CC2-E423-484E-B814-ECD86A3AABA7}.Debug|x86.ActiveCfg = Debug|Any CPU
		{74596CC2-E423-484E-B814-ECD86A3AABA7}.Release|Any CPU.ActiveCfg = Release|Any CPU
		{74596CC2-E423-484E-B814-ECD86A3AABA7}.Release|x64.ActiveCfg = Release|Any CPU
		{74596CC2-E423-484E-B814-ECD86A3AABA7}.Release|x86.ActiveCfg = Release|Any CPU
		{04324706-6B91-43B9-871D-1E039BFA7D01}.Debug|Any CPU.ActiveCfg = Debug|Any CPU
		{04324706-6B91-43B9-871D-1E039BFA7D01}.Debug|x64.ActiveCfg = Debug|Any CPU
		{04324706-6B91-43B9-871D-1E039BFA7D01}.Debug|x86.ActiveCfg = Debug|Any CPU
		{04324706-6B91-43B9-871D-1E039BFA7D01}.Release|Any CPU.ActiveCfg = Release|Any CPU
		{04324706-6B91-43B9-871D-1E039BFA7D01}.Release|x64.ActiveCfg = Release|Any CPU
		{04324706-6B91-43B9-871D-1E039BFA7D01}.Release|x86.ActiveCfg = Release|Any CPU
		{37D7A786-07F1-4B27-83E9-FB4F5C62C6DF}.Debug|Any CPU.ActiveCfg = Debug|Any CPU
		{37D7A786-07F1-4B27-83E9-FB4F5C62C6DF}.Debug|Any CPU.Build.0 = Debug|Any CPU
		{37D7A786-07F1-4B27-83E9-FB4F5C62C6DF}.Debug|x64.ActiveCfg = Debug|Any CPU
		{37D7A786-07F1-4B27-83E9-FB4F5C62C6DF}.Debug|x64.Build.0 = Debug|Any CPU
		{37D7A786-07F1-4B27-83E9-FB4F5C62C6DF}.Debug|x86.ActiveCfg = Debug|Any CPU
		{37D7A786-07F1-4B27-83E9-FB4F5C62C6DF}.Debug|x86.Build.0 = Debug|Any CPU
		{37D7A786-07F1-4B27-83E9-FB4F5C62C6DF}.Release|Any CPU.ActiveCfg = Release|Any CPU
		{37D7A786-07F1-4B27-83E9-FB4F5C62C6DF}.Release|Any CPU.Build.0 = Release|Any CPU
		{37D7A786-07F1-4B27-83E9-FB4F5C62C6DF}.Release|x64.ActiveCfg = Release|Any CPU
		{37D7A786-07F1-4B27-83E9-FB4F5C62C6DF}.Release|x64.Build.0 = Release|Any CPU
		{37D7A786-07F1-4B27-83E9-FB4F5C62C6DF}.Release|x86.ActiveCfg = Release|Any CPU
		{37D7A786-07F1-4B27-83E9-FB4F5C62C6DF}.Release|x86.Build.0 = Release|Any CPU
		{0B6DC1B7-B7BF-47FC-B170-59CE5DC0044A}.Debug|Any CPU.ActiveCfg = Debug|Any CPU
		{0B6DC1B7-B7BF-47FC-B170-59CE5DC0044A}.Debug|Any CPU.Build.0 = Debug|Any CPU
		{0B6DC1B7-B7BF-47FC-B170-59CE5DC0044A}.Debug|x64.ActiveCfg = Debug|Any CPU
		{0B6DC1B7-B7BF-47FC-B170-59CE5DC0044A}.Debug|x64.Build.0 = Debug|Any CPU
		{0B6DC1B7-B7BF-47FC-B170-59CE5DC0044A}.Debug|x86.ActiveCfg = Debug|Any CPU
		{0B6DC1B7-B7BF-47FC-B170-59CE5DC0044A}.Debug|x86.Build.0 = Debug|Any CPU
		{0B6DC1B7-B7BF-47FC-B170-59CE5DC0044A}.Release|Any CPU.ActiveCfg = Release|Any CPU
		{0B6DC1B7-B7BF-47FC-B170-59CE5DC0044A}.Release|Any CPU.Build.0 = Release|Any CPU
		{0B6DC1B7-B7BF-47FC-B170-59CE5DC0044A}.Release|x64.ActiveCfg = Release|Any CPU
		{0B6DC1B7-B7BF-47FC-B170-59CE5DC0044A}.Release|x64.Build.0 = Release|Any CPU
		{0B6DC1B7-B7BF-47FC-B170-59CE5DC0044A}.Release|x86.ActiveCfg = Release|Any CPU
		{0B6DC1B7-B7BF-47FC-B170-59CE5DC0044A}.Release|x86.Build.0 = Release|Any CPU
		{5C71D4EC-E8C1-44EF-9E95-5A24FBBDE8E0}.Debug|Any CPU.ActiveCfg = Debug|Any CPU
		{5C71D4EC-E8C1-44EF-9E95-5A24FBBDE8E0}.Debug|Any CPU.Build.0 = Debug|Any CPU
		{5C71D4EC-E8C1-44EF-9E95-5A24FBBDE8E0}.Debug|x64.ActiveCfg = Debug|Any CPU
		{5C71D4EC-E8C1-44EF-9E95-5A24FBBDE8E0}.Debug|x64.Build.0 = Debug|Any CPU
		{5C71D4EC-E8C1-44EF-9E95-5A24FBBDE8E0}.Debug|x86.ActiveCfg = Debug|Any CPU
		{5C71D4EC-E8C1-44EF-9E95-5A24FBBDE8E0}.Debug|x86.Build.0 = Debug|Any CPU
		{5C71D4EC-E8C1-44EF-9E95-5A24FBBDE8E0}.Release|Any CPU.ActiveCfg = Release|Any CPU
		{5C71D4EC-E8C1-44EF-9E95-5A24FBBDE8E0}.Release|Any CPU.Build.0 = Release|Any CPU
		{5C71D4EC-E8C1-44EF-9E95-5A24FBBDE8E0}.Release|x64.ActiveCfg = Release|Any CPU
		{5C71D4EC-E8C1-44EF-9E95-5A24FBBDE8E0}.Release|x64.Build.0 = Release|Any CPU
		{5C71D4EC-E8C1-44EF-9E95-5A24FBBDE8E0}.Release|x86.ActiveCfg = Release|Any CPU
		{5C71D4EC-E8C1-44EF-9E95-5A24FBBDE8E0}.Release|x86.Build.0 = Release|Any CPU
		{F4B52670-C605-43CC-A350-6AC99621580B}.Debug|Any CPU.ActiveCfg = Debug|Any CPU
		{F4B52670-C605-43CC-A350-6AC99621580B}.Debug|Any CPU.Build.0 = Debug|Any CPU
		{F4B52670-C605-43CC-A350-6AC99621580B}.Debug|x64.ActiveCfg = Debug|Any CPU
		{F4B52670-C605-43CC-A350-6AC99621580B}.Debug|x64.Build.0 = Debug|Any CPU
		{F4B52670-C605-43CC-A350-6AC99621580B}.Debug|x86.ActiveCfg = Debug|Any CPU
		{F4B52670-C605-43CC-A350-6AC99621580B}.Debug|x86.Build.0 = Debug|Any CPU
		{F4B52670-C605-43CC-A350-6AC99621580B}.Release|Any CPU.ActiveCfg = Release|Any CPU
		{F4B52670-C605-43CC-A350-6AC99621580B}.Release|Any CPU.Build.0 = Release|Any CPU
		{F4B52670-C605-43CC-A350-6AC99621580B}.Release|x64.ActiveCfg = Release|Any CPU
		{F4B52670-C605-43CC-A350-6AC99621580B}.Release|x64.Build.0 = Release|Any CPU
		{F4B52670-C605-43CC-A350-6AC99621580B}.Release|x86.ActiveCfg = Release|Any CPU
		{F4B52670-C605-43CC-A350-6AC99621580B}.Release|x86.Build.0 = Release|Any CPU
	EndGlobalSection
	GlobalSection(SolutionProperties) = preSolution
		HideSolutionNode = FALSE
	EndGlobalSection
EndGlobal
